Microsoft Visual Studio Solution File, Format Version 12.00
Project("{2150E333-8FDC-42A3-9474-1A3956D46DE8}") = "src", "src", "{E2ED7FF2-0B22-32CD-6AEE-3E86DDFD4EBD}"
EndProject
Project("{2150E333-8FDC-42A3-9474-1A3956D46DE8}") = "test", "test", "{E58F4AA9-B1CC-A69B-1C4C-0873D391E987}"
EndProject
Project("{FAE04EC0-301F-11D3-BF4B-00C04F79EFBC}") = "ZD.WikiFuzz.Web", "src\ZD.WikiFuzz.Web\ZD.WikiFuzz.Web.csproj", "{D3572DFE-0B3A-48D4-8F4A-3B5D7A168360}"
EndProject
Project("{FAE04EC0-301F-11D3-BF4B-00C04F79EFBC}") = "ZD.WikiFuzz.Web.UnitTest", "test\ZD.WikiFuzz.Web.UnitTest\ZD.WikiFuzz.Web.UnitTest.csproj", "{FCEE1906-B67E-4720-883C-27688A3203D0}"
EndProject
Project("{FAE04EC0-301F-11D3-BF4B-00C04F79EFBC}") = "ZD.WikiFuzz.Application", "src\ZD.WikiFuzz.Application\ZD.WikiFuzz.Application.csproj", "{C7CB4BA2-AC0C-4C89-8F3D-F4B6CBEB3CB2}"
EndProject
Project("{FAE04EC0-301F-11D3-BF4B-00C04F79EFBC}") = "ZD.WikiFuzz.Infrastructure", "src\ZD.WikiFuzz.Infrastructure\ZD.WikiFuzz.Infrastructure.csproj", "{88A43033-5794-421C-ACA1-627B34266AD6}"
EndProject
Project("{FAE04EC0-301F-11D3-BF4B-00C04F79EFBC}") = "ZD.WikiFuzz.Domain", "src\ZD.WikiFuzz.Domain\ZD.WikiFuzz.Domain.csproj", "{A2DE2926-F228-4924-A8FD-FACBFAA83EB3}"
EndProject
Global
	GlobalSection(SolutionConfigurationPlatforms) = preSolution
		Debug|Any CPU = Debug|Any CPU
		Release|Any CPU = Release|Any CPU
	EndGlobalSection
	GlobalSection(ProjectConfigurationPlatforms) = postSolution
		{D3572DFE-0B3A-48D4-8F4A-3B5D7A168360}.Debug|Any CPU.ActiveCfg = Debug|Any CPU
		{D3572DFE-0B3A-48D4-8F4A-3B5D7A168360}.Debug|Any CPU.Build.0 = Debug|Any CPU
		{D3572DFE-0B3A-48D4-8F4A-3B5D7A168360}.Release|Any CPU.ActiveCfg = Release|Any CPU
		{D3572DFE-0B3A-48D4-8F4A-3B5D7A168360}.Release|Any CPU.Build.0 = Release|Any CPU
		{FCEE1906-B67E-4720-883C-27688A3203D0}.Debug|Any CPU.ActiveCfg = Debug|Any CPU
		{FCEE1906-B67E-4720-883C-27688A3203D0}.Debug|Any CPU.Build.0 = Debug|Any CPU
		{FCEE1906-B67E-4720-883C-27688A3203D0}.Release|Any CPU.ActiveCfg = Release|Any CPU
		{FCEE1906-B67E-4720-883C-27688A3203D0}.Release|Any CPU.Build.0 = Release|Any CPU
		{C7CB4BA2-AC0C-4C89-8F3D-F4B6CBEB3CB2}.Debug|Any CPU.ActiveCfg = Debug|Any CPU
		{C7CB4BA2-AC0C-4C89-8F3D-F4B6CBEB3CB2}.Debug|Any CPU.Build.0 = Debug|Any CPU
		{C7CB4BA2-AC0C-4C89-8F3D-F4B6CBEB3CB2}.Release|Any CPU.ActiveCfg = Release|Any CPU
		{C7CB4BA2-AC0C-4C89-8F3D-F4B6CBEB3CB2}.Release|Any CPU.Build.0 = Release|Any CPU
		{88A43033-5794-421C-ACA1-627B34266AD6}.Debug|Any CPU.ActiveCfg = Debug|Any CPU
		{88A43033-5794-421C-ACA1-627B34266AD6}.Debug|Any CPU.Build.0 = Debug|Any CPU
		{88A43033-5794-421C-ACA1-627B34266AD6}.Release|Any CPU.ActiveCfg = Release|Any CPU
		{88A43033-5794-421C-ACA1-627B34266AD6}.Release|Any CPU.Build.0 = Release|Any CPU
		{A2DE2926-F228-4924-A8FD-FACBFAA83EB3}.Debug|Any CPU.ActiveCfg = Debug|Any CPU
		{A2DE2926-F228-4924-A8FD-FACBFAA83EB3}.Debug|Any CPU.Build.0 = Debug|Any CPU
		{A2DE2926-F228-4924-A8FD-FACBFAA83EB3}.Release|Any CPU.ActiveCfg = Release|Any CPU
		{A2DE2926-F228-4924-A8FD-FACBFAA83EB3}.Release|Any CPU.Build.0 = Release|Any CPU
	EndGlobalSection
	GlobalSection(NestedProjects) = preSolution
		{D3572DFE-0B3A-48D4-8F4A-3B5D7A168360} = {E2ED7FF2-0B22-32CD-6AEE-3E86DDFD4EBD}
		{FCEE1906-B67E-4720-883C-27688A3203D0} = {E58F4AA9-B1CC-A69B-1C4C-0873D391E987}
		{C7CB4BA2-AC0C-4C89-8F3D-F4B6CBEB3CB2} = {E2ED7FF2-0B22-32CD-6AEE-3E86DDFD4EBD}
		{88A43033-5794-421C-ACA1-627B34266AD6} = {E2ED7FF2-0B22-32CD-6AEE-3E86DDFD4EBD}
		{A2DE2926-F228-4924-A8FD-FACBFAA83EB3} = {E2ED7FF2-0B22-32CD-6AEE-3E86DDFD4EBD}
	EndGlobalSection
EndGlobal
