
Microsoft Visual Studio Solution File, Format Version 12.00
Project("{2150E333-8FDC-42A3-9474-1A3956D46DE8}") = "src", "src", "{E2ED7FF2-0B22-32CD-6AEE-3E86DDFD4EBD}"
EndProject
Project("{FAE04EC0-301F-11D3-BF4B-00C04F79EFBC}") = "ZD.WikiFuzz.Web", "src\ZD.WikiFuzz.Web\ZD.WikiFuzz.Web.csproj", "{01052E7D-12C2-DC4E-8D73-C78CB45FCE98}"
EndProject
Project("{2150E333-8FDC-42A3-9474-1A3956D46DE8}") = "test", "test", "{E58F4AA9-B1CC-A69B-1C4C-0873D391E987}"
EndProject
Project("{FAE04EC0-301F-11D3-BF4B-00C04F79EFBC}") = "ZD.WikiFuzz.Web.UnitTest", "test\ZD.WikiFuzz.Web.UnitTest\ZD.WikiFuzz.Web.UnitTest.csproj", "{48397134-C6CA-2497-1D2E-6AB5C2576FE8}"
EndProject
Global
	GlobalSection(SolutionConfigurationPlatforms) = preSolution
		Debug|Any CPU = Debug|Any CPU
		Release|Any CPU = Release|Any CPU
	EndGlobalSection
	GlobalSection(ProjectConfigurationPlatforms) = postSolution
		{01052E7D-12C2-DC4E-8D73-C78CB45FCE98}.Debug|Any CPU.ActiveCfg = Debug|Any CPU
		{01052E7D-12C2-DC4E-8D73-C78CB45FCE98}.Debug|Any CPU.Build.0 = Debug|Any CPU
		{01052E7D-12C2-DC4E-8D73-C78CB45FCE98}.Release|Any CPU.ActiveCfg = Release|Any CPU
		{01052E7D-12C2-DC4E-8D73-C78CB45FCE98}.Release|Any CPU.Build.0 = Release|Any CPU
		{48397134-C6CA-2497-1D2E-6AB5C2576FE8}.Debug|Any CPU.ActiveCfg = Debug|Any CPU
		{48397134-C6CA-2497-1D2E-6AB5C2576FE8}.Debug|Any CPU.Build.0 = Debug|Any CPU
		{48397134-C6CA-2497-1D2E-6AB5C2576FE8}.Release|Any CPU.ActiveCfg = Release|Any CPU
		{48397134-C6CA-2497-1D2E-6AB5C2576FE8}.Release|Any CPU.Build.0 = Release|Any CPU
	EndGlobalSection
	GlobalSection(NestedProjects) = preSolution
		{01052E7D-12C2-DC4E-8D73-C78CB45FCE98} = {E2ED7FF2-0B22-32CD-6AEE-3E86DDFD4EBD}
		{48397134-C6CA-2497-1D2E-6AB5C2576FE8} = {E58F4AA9-B1CC-A69B-1C4C-0873D391E987}
	EndGlobalSection
EndGlobal
